buf.build/gen/go/bufbuild/protovalidate/protocolbuffers/go v1.36.12-20260415201107-50325440f8f2.1 h1:y8A3AKdnK80frQccyJxFQcHJ9yZlcuoixzHhEsnpEfw=
buf.build/gen/go/bufbuild/protovalidate/protocolbuffers/go v1.36.12-20260415201107-50325440f8f2.1/go.mod h1:TCt1lluMFnctISJXvkIQ4x3ABrPuUKCWKyjKdkJNBpw=
buf.build/gen/go/coreweave/cks/connectrpc/go v1.19.1-20260326215135-be22b90e1aa6.2 h1:G09Jax7e3xVX1QWaINr6P/5w8jaCoe5uAvMw5WAuCAI=
buf.build/gen/go/coreweave/cks/connectrpc/go v1.19.1-20260326215135-be22b90e1aa6.2/go.mod h1:aCkr4xvjAVXYnCSfQFFaZ+g6vqd2t27+svGkCgwLKzo=
buf.build/gen/go/coreweave/cks/protocolbuffers/go v1.36.11-20260326215135-be22b90e1aa6.1 h1:6VTjkKgYaRgrVlO2aq6RuCNVsV3+0J/4GM5HKX17VNM=
buf.build/gen/go/coreweave/cks/protocolbuffers/go v1.36.11-20260326215135-be22b90e1aa6.1/go.mod h1:ByX23QBucj1Ao4H8Wn41segTqTbgOT4Sbjnm7AvLGYY=
buf.build/gen/go/coreweave/cwobject/connectrpc/go v1.19.1-20260729060712-bb1877226449.2 h1:KLhMvLNiOczSUr81SK8n9u3UjLhkupdohAZM9Y5NFsE=
buf.build/gen/go/coreweave/cwobject/connectrpc/go v1.19.1-20260729060712-bb1877226449.2/go.mod h1:e88kN35aV9wjti8nBUgWA3S5KYcymennOZ5CRI4oY0c=
buf.build/gen/go/coreweave/cwobject/protocolbuffers/go v1.36.11-20260729060712-bb1877226449.1 h1:h67dxeSusDhd1Jj5Dl/Gu7ycCIxHTK6YnUav8uQsbYc=
buf.build/gen/go/coreweave/cwobject/protocolbuffers/go v1.36.11-20260729060712-bb1877226449.1/go.mod h1:3WufjtsvyOj3cbTSqpNCzrW0CmwZMoY0gRgKoXmvsEI=
buf.build/gen/go/coreweave/inference/connectrpc/go v1.20.0-20260825010541-7cc01a738b29.1 h1:Y/4tqYLfM7hq4Mp1Pj7qwUuaJjXCvlAgPpexNUrwWhA=
buf.build/gen/go/coreweave/inference/connectrpc/go v1.20.0-20260825010541-7cc01a738b29.1/go.mod h1:8axC+BDS3Nkyp6MDwOOFFI24ONED8SjdCJeEbI/ZosY=
buf.build/gen/go/coreweave/inference/protocolbuffers/go v1.36.12-20260825010541-7cc01a738b29.1 h1:P20RBcTtI8Rnl/yfzoCLIG+v+HjdA0qAcLhCtHm09gk=
buf.build/gen/go/coreweave/inference/protocolbuffers/go v1.36.12-20260825010541-7cc01a738b29.1/go.mod h1:zdff/ACEwQQ64HB1H7pjlX0EBi9kueSLgttCWXrPvS8=
buf.build/gen/go/coreweave/networking/connectrpc/go v1.19.1-20260121155637-a637e7777165.2 h1:7/T8Tbyq8JVWu5ZXznB84IdZ6zN/oXeDcebMaTc+eyc=
buf.build/gen/go/coreweave/networking/connectrpc/go v1.19.1-20260121155637-a637e7777165.2/go.mod h1:Ri2fOqnsxnYU4CdWVP0GNqzSYq7L+Zw1AV/ebdbNITs=
buf.build/gen/go/coreweave/networking/protocolbuffers/go v1.36.11-20260121155637-a637e7777165.1 h1:HgaTPkFCzegYtbVOir7vdty10GHoFxMceoscwcH0x7s=
buf.build/gen/go/coreweave/networking/protocolbuffers/go v1.36.11-20260121155637-a637e7777165.1/go.mod h1:dv5LhRYj3xPrMzvA33dyS2aWx4atitDIeGOz+kPGKwA=
buf.build/gen/go/coreweave/sandbox/connectrpc/go v1.20.0-20260909020241-374666cd3a25.1 h1:RH59b6+sCpXb8TQJIxrAHb4RdgPJ+OnQX0hUL04kHnM=
buf.build/gen/go/coreweave/sandbox/connectrpc/go v1.20.0-20260909020241-374666cd3a25.1/go.mod h1:PB05lsjbTDqQjCG32ia6eFXy9/MawGNnCrMYjn+SiGQ=
buf.build/gen/go/coreweave/sandbox/protocolbuffers/go v1.36.11-20260909020241-374666cd3a25.1 h1:MT+I7IXEpemF2LJpFSVPC4D0RqQATHXeNwJYmTfSAa4=
buf.build/gen/go/coreweave/sandbox/protocolbuffers/go v1.36.11-20260909020241-374666cd3a25.1/go.mod h1:G93FhEb47pLc4I0l+exmeBH+k+BFAbWKSlJL+qDXK+o=
buf.build/gen/go/coreweave/workload-federation/connectrpc/go v1.20.0-20260825153113-5bfae6057a98.1 h1:OdJCAsS8bDZV5ZSNLWEzV/5hU9FGagKbLw+0gjFR5Lw=
buf.build/gen/go/coreweave/workload-federation/connectrpc/go v1.20.0-20260825153113-5bfae6057a98.1/go.mod h1:t37qa/EvhLfiQhrIqkJ+iM9UVDXoRXXsl3LoUROsvcc=
buf.build/gen/go/coreweave/workload-federation/protocolbuffers/go v1.36.12-20260825153113-5bfae6057a98.1 h1:3NLSkOigc0Gs8SbdTzOHNFsuSdhxgQcAxb0ufPU0srM=
buf.build/gen/go/coreweave/workload-federation/protocolbuffers/go v1.36.12-20260825153113-5bfae6057a98.1/go.mod h1:0tfgmTdtC5FHBaMGAhPUMImL/nqImiyBwcq86Rjv9nk=
buf.build/gen/go/gnostic/gnostic/protocolbuffers/go v1.36.11-20230414000709-087bc8072ce4.1 h1:t8f+WWZ5WNrZaP5zrpWD8f1tKU7eelJMbIAT9FRX558=
buf.build/gen/go/gnostic/gnostic/protocolbuffers/go v1.36.11-20230414000709-087bc8072ce4.1/go.mod h1:/t9AeRQQp2iNkiGHDLfHLW3SzNpYpNPGRZ+Ih8+SOUs=
buf.build/gen/go/grpc-ecosystem/grpc-gateway/protocolbuffers/go v1.36.11-20241220201140-4c5ba75caaf8.1 h1:cpnZuwF24ackV1HgofmoFNsdw9z4/066sujIFtxYg5g=
buf.build/gen/go/grpc-ecosystem/grpc-gateway/protocolbuffers/go v1.36.11-20241220201140-4c5ba75caaf8.1/go.mod h1:KAAU6zfI4aGOR/SiWil31PiNwdpo1SlqZidcB3z+sL0=
connectrpc.com/connect v1.20.0 h1:6TNDAB+WeNd2uolWNlYczB5E0KNNaVMNUEx8JEUsPmQ=
connectrpc.com/connect v1.20.0/go.mod h1:A2ygJrukXwWy32vkCAAHNVguZrqZ+jeZ9rGRnGR4dN4=
github.com/ProtonMail/go-crypto v1.1.6 h1:ZcV+Ropw6Qn0AX9brlQLAUXfqLBc7Bl+f/DmNxpLfdw=
github.com/ProtonMail/go-crypto v1.1.6/go.mod h1:rA3QumHc/FZ8pAHreoekgiAbzpNsfQAosU5td4SnOrE=
github.com/agext/levenshtein v1.2.2 h1:0S/Yg6LYmFJ5stwQeRp6EeOcCbj7xiqQSdNelsXvaqE=
github.com/agext/levenshtein v1.2.2/go.mod h1:JEDfjyjHDjOF/1e4FlBE/PkbqA9OfWu2ki2W0IB5558=
github.com/apparentlymart/go-textseg/v15 v15.0.0 h1:uYvfpb3DyLSCGWnctWKGj857c6ew1u1fNQOlOtuGxQY=
github.com/apparentlymart/go-textseg/v15 v15.0.0/go.mod h1:K8XmNZdhEBkdlyDdvbmmsvpAG721bKi0joRfFdHIWJ4=
github.com/aws/aws-sdk-go-v2 v1.41.3 h1:4kQ/fa22KjDt13QCy1+bYADvdgcxpfH18f0zP542kZA=
github.com/aws/aws-sdk-go-v2 v1.41.3/go.mod h1:mwsPRE8ceUUpiTgF7QmQIJ7lgsKUPQOUl3o72QBrE1o=
github.com/aws/aws-sdk-go-v2/aws/protocol/eventstream v1.7.6 h1:N4lRUXZpZ1KVEUn6hxtco/1d2lgYhNn1fHkkl8WhlyQ=
github.com/aws/aws-sdk-go-v2/aws/protocol/eventstream v1.7.6/go.mod h1:lyw7GFp3qENLh7kwzf7iMzAxDn+NzjXEAGjKS2UOKqI=
github.com/aws/aws-sdk-go-v2/credentials v1.19.11 h1:NdV8cwCcAXrCWyxArt58BrvZJ9pZ9Fhf9w6Uh5W3Uyc=
github.com/aws/aws-sdk-go-v2/credentials v1.19.11/go.mod h1:30yY2zqkMPdrvxBqzI9xQCM+WrlrZKSOpSJEsylVU+8=
github.com/aws/aws-sdk-go-v2/internal/configsources v1.4.19 h1:/sECfyq2JTifMI2JPyZ4bdRN77zJmr6SrS1eL3augIA=
github.com/aws/aws-sdk-go-v2/internal/configsources v1.4.19/go.mod h1:dMf8A5oAqr9/oxOfLkC/c2LU/uMcALP0Rgn2BD5LWn0=
github.com/aws/aws-sdk-go-v2/internal/endpoints/v2 v2.7.19 h1:AWeJMk33GTBf6J20XJe6qZoRSJo0WfUhsMdUKhoODXE=
github.com/aws/aws-sdk-go-v2/internal/endpoints/v2 v2.7.19/go.mod h1:+GWrYoaAsV7/4pNHpwh1kiNLXkKaSoppxQq9lbH8Ejw=
github.com/aws/aws-sdk-go-v2/internal/v4a v1.4.20 h1:qi3e/dmpdONhj1RyIZdi6DKKpDXS5Lb8ftr3p7cyHJc=
github.com/aws/aws-sdk-go-v2/internal/v4a v1.4.20/go.mod h1:V1K+TeJVD5JOk3D9e5tsX2KUdL7BlB+FV6cBhdobN8c=
github.com/aws/aws-sdk-go-v2/service/internal/accept-encoding v1.13.6 h1:XAq62tBTJP/85lFD5oqOOe7YYgWxY9LvWq8plyDvDVg=
github.com/aws/aws-sdk-go-v2/service/internal/accept-encoding v1.13.6/go.mod h1:x0nZssQ3qZSnIcePWLvcoFisRXJzcTVvYpAAdYX8+GI=
github.com/aws/aws-sdk-go-v2/service/internal/checksum v1.9.11 h1:BYf7XNsJMzl4mObARUBUib+j2tf0U//JAAtTnYqvqCw=
github.com/aws/aws-sdk-go-v2/service/internal/checksum v1.9.11/go.mod h1:aEUS4WrNk/+FxkBZZa7tVgp4pGH+kFGW40Y8rCPqt5g=
github.com/aws/aws-sdk-go-v2/service/internal/presigned-url v1.13.19 h1:X1Tow7suZk9UCJHE1Iw9GMZJJl0dAnKXXP1NaSDHwmw=
github.com/aws/aws-sdk-go-v2/service/internal/presigned-url v1.13.19/go.mod h1:/rARO8psX+4sfjUQXp5LLifjUt8DuATZ31WptNJTyQA=
github.com/aws/aws-sdk-go-v2/service/internal/s3shared v1.19.19 h1:JnQeStZvPHFHeyky/7LbMlyQjUa+jIBj36OlWm0pzIk=
github.com/aws/aws-sdk-go-v2/service/internal/s3shared v1.19.19/go.mod h1:HGyasyHvYdFQeJhvDHfH7HXkHh57htcJGKDZ+7z+I24=
github.com/aws/aws-sdk-go-v2/service/s3 v1.97.0 h1:zyKY4OxzUImu+DigelJI9o49QQv8CjREs5E1CywjtIA=
github.com/aws/aws-sdk-go-v2/service/s3 v1.97.0/go.mod h1:NF3JcMGOiARAss1ld3WGORCw71+4ExDD2cbbdKS5PpA=
github.com/aws/smithy-go v1.24.2 h1:FzA3bu/nt/vDvmnkg+R8Xl46gmzEDam6mZ1hzmwXFng=
github.com/aws/smithy-go v1.24.2/go.mod h1:YE2RhdIuDbA5E5bTdciG9KrW3+TiEONeUWCqxX9i1Fc=
github.com/bufbuild/protocompile v0.14.1 h1:iA73zAf/fyljNjQKwYzUHD6AD4R8KMasmwa/FBatYVw=
github.com/bufbuild/protocompile v0.14.1/go.mod h1:ppVdAIhbr2H8asPk6k4pY7t9zB1OU5DoEw9xY/FUi1c=
github.com/cespare/xxhash/v2 v2.3.0 h1:UL815xU9SqsFlibzuggzjXhog7bL6oX9BbNZnL2UFvs=
github.com/cespare/xxhash/v2 v2.3.0/go.mod h1:VGX0DQ3Q6kWi7AoAeZDth3/j3BFtOZR5XLFGgcrjCOs=
github.com/cloudflare/circl v1.6.1 h1:zqIqSPIndyBh1bjLVVDHMPpVKqp8Su/V+6MeDzzQBQ0=
github.com/cloudflare/circl v1.6.1/go.mod h1:uddAzsPgqdMAYatqJ0lsjX1oECcQLIlRpzZh3pJrofs=
github.com/coreweave/terraform-provider-coreweave v0.24.0 h1:bw9Oe51+U3Uv8Y0qmy3vwLptxJsvfRsHiajNd+my+PU=
github.com/coreweave/terraform-provider-coreweave v0.24.0/go.mod h1:FPtLXomRyDVJ3f9HembnAsPmmR6mDTaUJOL8mRW5f48=
github.com/davecgh/go-spew v1.1.0/go.mod h1:J7Y8YcW2NihsgmVo/mv3lAwl/skON4iLHjSsI+c5H38=
github.com/davecgh/go-spew v1.1.1/go.mod h1:J7Y8YcW2NihsgmVo/mv3lAwl/skON4iLHjSsI+c5H38=
github.com/davecgh/go-spew v1.1.2-0.20180830191138-d8f796af33cc h1:U9qPSI2PIWSS1VwoXQT9A3Wy9MM3WgvqSxFWenqJduM=
github.com/davecgh/go-spew v1.1.2-0.20180830191138-d8f796af33cc/go.mod h1:J7Y8YcW2NihsgmVo/mv3lAwl/skON4iLHjSsI+c5H38=
github.com/fatih/color v1.13.0/go.mod h1:kLAiJbzzSOZDVNGyDpeOxJ47H46qBXwg5ILebYFFOfk=
github.com/fatih/color v1.16.0 h1:zmkK9Ngbjj+K0yRhTVONQh1p/HknKYSlNT+vZCzyokM=
github.com/fatih/color v1.16.0/go.mod h1:fL2Sau1YI5c0pdGEVCbKQbLXB6edEj1ZgiY4NijnWvE=
github.com/go-logr/logr v1.4.3 h1:CjnDlHq8ikf6E492q6eKboGOC0T8CDaOvkHCIg8idEI=
github.com/go-logr/logr v1.4.3/go.mod h1:9T104GzyrTigFIr8wt5mBrctHMim0Nb2HLGrmQ40KvY=
github.com/go-logr/stdr v1.2.2 h1:hSWxHoqTgW2S2qGc0LTAI563KZ5YKYRhT3MFKZMbjag=
github.com/go-logr/stdr v1.2.2/go.mod h1:mMo/vtBO5dYbehREoey6XUKy/eSumjCCveDpRre4VKE=
github.com/go-test/deep v1.0.3 h1:ZrJSEWsXzPOxaZnFteGEfooLba+ju3FYIbOrS+rQd68=
github.com/go-test/deep v1.0.3/go.mod h1:wGDj63lr65AM2AQyKZd/NYHGb0R+1RLqB8NKt3aSFNA=
github.com/golang/protobuf v1.5.4 h1:i7eJL8qZTpSEXOPTxNKhASYpMn+8e5Q6AdndVa1dWek=
github.com/golang/protobuf v1.5.4/go.mod h1:lnTiLA8Wa4RWRcIUkrtSVa5nRhsEGBg48fD6rSs7xps=
github.com/google/go-cmp v0.7.0 h1:wk8382ETsv4JYUZwIsn6YpYiWiBsYLSJiTsyBybVuN8=
github.com/google/go-cmp v0.7.0/go.mod h1:pXiqmnSA92OHEEa9HXL2W4E7lf9JzCmGVUdgjX3N/iU=
github.com/google/uuid v1.6.0 h1:NIvaJDMOsjHA8n1jAhLSgzrAzy1Hgr+hNrb57e+94F0=
github.com/google/uuid v1.6.0/go.mod h1:TIyPZe4MgqvfeYDBFedMoGGpEw/LqOeaOT+nhxU+yHo=
github.com/hashicorp/errwrap v1.1.0 h1:OxrOeh75EUXMY8TBjag2fzXGZ40LB6IKw45YeGUDY2I=
github.com/hashicorp/errwrap v1.1.0/go.mod h1:YH+1FKiLXxHSkmPseP+kNlulaMuP3n2brvKWEqk/Jc4=
github.com/hashicorp/go-checkpoint v0.5.0 h1:MFYpPZCnQqQTE18jFwSII6eUQrD/oxMFp3mlgcqk5mU=
github.com/hashicorp/go-checkpoint v0.5.0/go.mod h1:7nfLNL10NsxqO4iWuW6tWW0HjZuDrwkBuEQsVcpCOgg=
github.com/hashicorp/go-cleanhttp v0.5.2 h1:035FKYIWjmULyFRBKPs8TBQoi0x6d9G4xc9neXJWAZQ=
github.com/hashicorp/go-cleanhttp v0.5.2/go.mod h1:kO/YDlP8L1346E6Sodw+PrpBSV4/SoxCXGY6BqNFT48=
github.com/hashicorp/go-cty v1.5.0 h1:EkQ/v+dDNUqnuVpmS5fPqyY71NXVgT5gf32+57xY8g0=
github.com/hashicorp/go-cty v1.5.0/go.mod h1:lFUCG5kd8exDobgSfyj4ONE/dc822kiYMguVKdHGMLM=
github.com/hashicorp/go-hclog v1.6.3 h1:Qr2kF+eVWjTiYmU7Y31tYlP1h0q/X3Nl3tPGdaB11/k=
github.com/hashicorp/go-hclog v1.6.3/go.mod h1:W4Qnvbt70Wk/zYJryRzDRU/4r0kIg0PVHBcfoyhpF5M=
github.com/hashicorp/go-multierror v1.1.1 h1:H5DkEtf6CXdFp0N0Em5UCwQpXMWke8IA0+lD48awMYo=
github.com/hashicorp/go-multierror v1.1.1/go.mod h1:iw975J/qwKPdAO1clOe2L8331t/9/fmwbPZ6JB6eMoM=
github.com/hashicorp/go-plugin v1.7.0 h1:YghfQH/0QmPNc/AZMTFE3ac8fipZyZECHdDPshfk+mA=
github.com/hashicorp/go-plugin v1.7.0/go.mod h1:BExt6KEaIYx804z8k4gRzRLEvxKVb+kn0NMcihqOqb8=
github.com/hashicorp/go-retryablehttp v0.7.8 h1:ylXZWnqa7Lhqpk0L1P1LzDtGcCR0rPVUrx/c8Unxc48=
github.com/hashicorp/go-retryablehttp v0.7.8/go.mod h1:rjiScheydd+CxvumBsIrFKlx3iS0jrZ7LvzFGFmuKbw=
github.com/hashicorp/go-uuid v1.0.3 h1:2gKiV6YVmrJ1i2CKKa9obLvRieoRGviZFL26PcT/Co8=
github.com/hashicorp/go-uuid v1.0.3/go.mod h1:6SBZvOh/SIDV7/2o3Jml5SYk/TvGqwFJ/bN7x4byOro=
github.com/hashicorp/go-version v1.7.0 h1:5tqGy27NaOTB8yJKUZELlFAS/LTKJkrmONwQKeRZfjY=
github.com/hashicorp/go-version v1.7.0/go.mod h1:fltr4n8CU8Ke44wwGCBoEymUuxUHl09ZGVZPK5anwXA=
github.com/hashicorp/hc-install v0.9.2 h1:v80EtNX4fCVHqzL9Lg/2xkp62bbvQMnvPQ0G+OmtO24=
github.com/hashicorp/hc-install v0.9.2/go.mod h1:XUqBQNnuT4RsxoxiM9ZaUk0NX8hi2h+Lb6/c0OZnC/I=
github.com/hashicorp/hcl/v2 v2.24.0 h1:2QJdZ454DSsYGoaE6QheQZjtKZSUs9Nh2izTWiwQxvE=
github.com/hashicorp/hcl/v2 v2.24.0/go.mod h1:oGoO1FIQYfn/AgyOhlg9qLC6/nOJPX3qGbkZpYAcqfM=
github.com/hashicorp/logutils v1.0.0 h1:dLEQVugN8vlakKOUE3ihGLTZJRB4j+M2cdTm/ORI65Y=
github.com/hashicorp/logutils v1.0.0/go.mod h1:QIAnNjmIWmVIIkWDTG1z5v++HQmx9WQRO+LraFDTW64=
github.com/hashicorp/terraform-exec v0.23.1 h1:diK5NSSDXDKqHEOIQefBMu9ny+FhzwlwV0xgUTB7VTo=
github.com/hashicorp/terraform-exec v0.23.1/go.mod h1:e4ZEg9BJDRaSalGm2z8vvrPONt0XWG0/tXpmzYTf+dM=
github.com/hashicorp/terraform-json v0.27.1 h1:zWhEracxJW6lcjt/JvximOYyc12pS/gaKSy/wzzE7nY=
github.com/hashicorp/terraform-json v0.27.1/go.mod h1:GzPLJ1PLdUG5xL6xn1OXWIjteQRT2CNT9o/6A9mi9hE=
github.com/hashicorp/terraform-plugin-framework v1.15.1 h1:2mKDkwb8rlx/tvJTlIcpw0ykcmvdWv+4gY3SIgk8Pq8=
github.com/hashicorp/terraform-plugin-framework v1.15.1/go.mod h1:hxrNI/GY32KPISpWqlCoTLM9JZsGH3CyYlir09bD/fI=
github.com/hashicorp/terraform-plugin-framework-jsontypes v0.2.0 h1:SJXL5FfJJm17554Kpt9jFXngdM6fXbnUnZ6iT2IeiYA=
github.com/hashicorp/terraform-plugin-framework-jsontypes v0.2.0/go.mod h1:p0phD0IYhsu9bR4+6OetVvvH59I6LwjXGnTVEr8ox6E=
github.com/hashicorp/terraform-plugin-framework-nettypes v0.3.0 h1:cEiRvdFAhFnivRm9JI/8l2g8oruzkioUAwItkEM7bmU=
github.com/hashicorp/terraform-plugin-framework-nettypes v0.3.0/go.mod h1:SDIm7W2x3Bs9otNC0ysbaSQ7H4H/EPimoACTy+7Z9rU=
github.com/hashicorp/terraform-plugin-framework-validators v0.18.0 h1:OQnlOt98ua//rCw+QhBbSqfW3QbwtVrcdWeQN5gI3Hw=
github.com/hashicorp/terraform-plugin-framework-validators v0.18.0/go.mod h1:lZvZvagw5hsJwuY7mAY6KUz45/U6fiDR0CzQAwWD0CA=
github.com/hashicorp/terraform-plugin-go v0.29.0 h1:1nXKl/nSpaYIUBU1IG/EsDOX0vv+9JxAltQyDMpq5mU=
github.com/hashicorp/terraform-plugin-go v0.29.0/go.mod h1:vYZbIyvxyy0FWSmDHChCqKvI40cFTDGSb3D8D70i9GM=
github.com/hashicorp/terraform-plugin-log v0.9.0 h1:i7hOA+vdAItN1/7UrfBqBwvYPQ9TFvymaRGZED3FCV0=
github.com/hashicorp/terraform-plugin-log v0.9.0/go.mod h1:rKL8egZQ/eXSyDqzLUuwUYLVdlYeamldAHSxjUFADow=
github.com/hashicorp/terraform-plugin-sdk/v2 v2.38.1 h1:mlAq/OrMlg04IuJT7NpefI1wwtdpWudnEmjuQs04t/4=
github.com/hashicorp/terraform-plugin-sdk/v2 v2.38.1/go.mod h1:GQhpKVvvuwzD79e8/NZ+xzj+ZpWovdPAe8nfV/skwNU=
github.com/hashicorp/terraform-plugin-testing v1.11.0 h1:MeDT5W3YHbONJt2aPQyaBsgQeAIckwPX41EUHXEn29A=
github.com/hashicorp/terraform-plugin-testing v1.11.0/go.mod h1:WNAHQ3DcgV/0J+B15WTE6hDvxcUdkPPpnB1FR3M910U=
github.com/hashicorp/terraform-registry-address v0.4.0 h1:S1yCGomj30Sao4l5BMPjTGZmCNzuv7/GDTDX99E9gTk=
github.com/hashicorp/terraform-registry-address v0.4.0/go.mod h1:LRS1Ay0+mAiRkUyltGT+UHWkIqTFvigGn/LbMshfflE=
github.com/hashicorp/terraform-svchost v0.1.1 h1:EZZimZ1GxdqFRinZ1tpJwVxxt49xc/S52uzrw4x0jKQ=
github.com/hashicorp/terraform-svchost v0.1.1/go.mod h1:mNsjQfZyf/Jhz35v6/0LWcv26+X7JPS+buii2c9/ctc=
github.com/hashicorp/yamux v0.1.2 h1:XtB8kyFOyHXYVFnwT5C3+Bdo8gArse7j2AQ0DA0Uey8=
github.com/hashicorp/yamux v0.1.2/go.mod h1:C+zze2n6e/7wshOZep2A70/aQU6QBRWJO/G6FT1wIns=
github.com/jhump/protoreflect v1.17.0 h1:qOEr613fac2lOuTgWN4tPAtLL7fUSbuJL5X5XumQh94=
github.com/jhump/protoreflect v1.17.0/go.mod h1:h9+vUUL38jiBzck8ck+6G/aeMX8Z4QUY/NiJPwPNi+8=
github.com/mattn/go-colorable v0.1.9/go.mod h1:u6P/XSegPjTcexA+o6vUJrdnUu04hMope9wVRipJSqc=
github.com/mattn/go-colorable v0.1.12/go.mod h1:u5H1YNBxpqRaxsYJYSkiCWKzEfiAb1Gb520KVy5xxl4=
github.com/mattn/go-colorable v0.1.14 h1:9A9LHSqF/7dyVVX6g0U9cwm9pG3kP9gSzcuIPHPsaIE=
github.com/mattn/go-colorable v0.1.14/go.mod h1:6LmQG8QLFO4G5z1gPvYEzlUgJ2wF+stgPZH1UqBm1s8=
github.com/mattn/go-isatty v0.0.12/go.mod h1:cbi8OIDigv2wuxKPP5vlRcQ1OAZbq2CE4Kysco4FUpU=
github.com/mattn/go-isatty v0.0.14/go.mod h1:7GGIvUiUoEMVVmxf/4nioHXj79iQHKdU27kJ6hsGG94=
github.com/mattn/go-isatty v0.0.20 h1:xfD0iDuEKnDkl03q4limB+vH+GxLEtL/jb4xVJSWWEY=
github.com/mattn/go-isatty v0.0.20/go.mod h1:W+V8PltTTMOvKvAeJH7IuucS94S2C6jfK/D7dTCTo3Y=
github.com/mitchellh/copystructure v1.2.0 h1:vpKXTN4ewci03Vljg/q9QvCGUDttBOGBIa15WveJJGw=
github.com/mitchellh/copystructure v1.2.0/go.mod h1:qLl+cE2AmVv+CoeAwDPye/v+N2HKCj9FbZEVFJRxO9s=
github.com/mitchellh/go-testing-interface v1.14.1 h1:jrgshOhYAUVNMAJiKbEu7EqAwgJJ2JqpQmpLJOu07cU=
github.com/mitchellh/go-testing-interface v1.14.1/go.mod h1:gfgS7OtZj6MA4U1UrDRp04twqAjfvlZyCfX3sDjEym8=
github.com/mitchellh/go-wordwrap v1.0.1 h1:TLuKupo69TCn6TQSyGxwI1EblZZEsQ0vMlAFQflz0v0=
github.com/mitchellh/go-wordwrap v1.0.1/go.mod h1:R62XHJLzvMFRBbcrT7m7WgmE1eOyTSsCt+hzestvNj0=
github.com/mitchellh/mapstructure v1.5.0 h1:jeMsZIYE/09sWLaz43PL7Gy6RuMjD2eJVyuac5Z2hdY=
github.com/mitchellh/mapstructure v1.5.0/go.mod h1:bFUtVrKA4DC2yAKiSyO/QUcy7e+RRV2QTWOzhPopBRo=
github.com/mitchellh/reflectwalk v1.0.2 h1:G2LzWKi524PWgd3mLHV8Y5k7s6XUvT0Gef6zxSIeXaQ=
github.com/mitchellh/reflectwalk v1.0.2/go.mod h1:mSTlrgnPZtwu0c4WaC2kGObEpuNDbx0jmZXqmk4esnw=
github.com/oklog/run v1.1.0 h1:GEenZ1cK0+q0+wsJew9qUg/DyD8k3JzYsZAi5gYi2mA=
github.com/oklog/run v1.1.0/go.mod h1:sVPdnTZT1zYwAJeCMu2Th4T21pA3FPOQRfWjQlk7DVU=
github.com/pmezard/go-difflib v1.0.0/go.mod h1:iKH77koFhYxTK1pcRnkKkqfTogsbg7gZNVY4sRDYZ/4=
github.com/pmezard/go-difflib v1.0.1-0.20181226105442-5d4384ee4fb2 h1:Jamvg5psRIccs7FGNTlIRMkT8wgtp5eCXdBlqhYGL6U=
github.com/pmezard/go-difflib v1.0.1-0.20181226105442-5d4384ee4fb2/go.mod h1:iKH77koFhYxTK1pcRnkKkqfTogsbg7gZNVY4sRDYZ/4=
github.com/stretchr/objx v0.1.0/go.mod h1:HFkY916IF+rwdDfMAkV7OtwuqBVzrE8GR6GFx+wExME=
github.com/stretchr/testify v1.7.2/go.mod h1:R6va5+xMeoiuVRoj+gSkQ7d3FALtqAAGI1FQKckRals=
github.com/stretchr/testify v1.11.1 h1:7s2iGBzp5EwR7/aIZr8ao5+dra3wiQyKjjFuvgVKu7U=
github.com/stretchr/testify v1.11.1/go.mod h1:wZwfW3scLgRK+23gO65QZefKpKQRnfz6sD981Nm4B6U=
github.com/vmihailenco/msgpack v4.0.4+incompatible h1:dSLoQfGFAo3F6OoNhwUmLwVgaUXK79GlxNBwueZn0xI=
github.com/vmihailenco/msgpack v4.0.4+incompatible/go.mod h1:fy3FlTQTDXWkZ7Bh6AcGMlsjHatGryHQYUTf1ShIgkk=
github.com/vmihailenco/msgpack/v5 v5.4.1 h1:cQriyiUvjTwOHg8QZaPihLWeRAAVoCpE00IUPn0Bjt8=
github.com/vmihailenco/msgpack/v5 v5.4.1/go.mod h1:GaZTsDaehaPpQVyxrf5mtQlH+pc21PIudVV/E3rRQok=
github.com/vmihailenco/tagparser/v2 v2.0.0 h1:y09buUbR+b5aycVFQs/g70pqKVZNBmxwAhO7/IwNM9g=
github.com/vmihailenco/tagparser/v2 v2.0.0/go.mod h1:Wri+At7QHww0WTrCBeu4J6bNtoV6mEfg5OIWRZA9qds=
github.com/zclconf/go-cty v1.17.0 h1:seZvECve6XX4tmnvRzWtJNHdscMtYEx5R7bnnVyd/d0=
github.com/zclconf/go-cty v1.17.0/go.mod h1:wqFzcImaLTI6A5HfsRwB0nj5n0MRZFwmey8YoFPPs3U=
github.com/zclconf/go-cty-debug v0.0.0-20240509010212-0d6042c53940 h1:4r45xpDWB6ZMSMNJFMOjqrGHynW3DIBuR2H9j0ug+Mo=
github.com/zclconf/go-cty-debug v0.0.0-20240509010212-0d6042c53940/go.mod h1:CmBdvvj3nqzfzJ6nTCIwDTPZ56aVGvDrmztiO5g3qrM=
go.opentelemetry.io/auto/sdk v1.2.1 h1:jXsnJ4Lmnqd11kwkBV2LgLoFMZKizbCi5fNZ/ipaZ64=
go.opentelemetry.io/auto/sdk v1.2.1/go.mod h1:KRTj+aOaElaLi+wW1kO/DZRXwkF4C5xPbEe3ZiIhN7Y=
go.opentelemetry.io/otel v1.40.0 h1:oA5YeOcpRTXq6NN7frwmwFR0Cn3RhTVZvXsP4duvCms=
go.opentelemetry.io/otel v1.40.0/go.mod h1:IMb+uXZUKkMXdPddhwAHm6UfOwJyh4ct1ybIlV14J0g=
go.opentelemetry.io/otel/metric v1.39.0 h1:d1UzonvEZriVfpNKEVmHXbdf909uGTOQjA0HF0Ls5Q0=
go.opentelemetry.io/otel/metric v1.39.0/go.mod h1:jrZSWL33sD7bBxg1xjrqyDjnuzTUB0x1nBERXd7Ftcs=
go.opentelemetry.io/otel/sdk v1.39.0 h1:nMLYcjVsvdui1B/4FRkwjzoRVsMK8uL/cj0OyhKzt18=
go.opentelemetry.io/otel/sdk v1.39.0/go.mod h1:vDojkC4/jsTJsE+kh+LXYQlbL8CgrEcwmt1ENZszdJE=
go.opentelemetry.io/otel/sdk/metric v1.40.0 h1:mtmdVqgQkeRxHgRv4qhyJduP3fYJRMX4AtAlbuWdCYw=
go.opentelemetry.io/otel/sdk/metric v1.40.0/go.mod h1:4Z2bGMf0KSK3uRjlczMOeMhKU2rhUqdWNoKcYrtcBPg=
go.opentelemetry.io/otel/trace v1.39.0 h1:2d2vfpEDmCJ5zVYz7ijaJdOF59xLomrvj7bjt6/qCJI=
go.opentelemetry.io/otel/trace v1.39.0/go.mod h1:88w4/PnZSazkGzz/w84VHpQafiU4EtqqlVdxWy+rNOA=
golang.org/x/crypto v0.51.0 h1:IBPXwPfKxY7cWQZ38ZCIRPI50YLeevDLlLnyC5wRGTI=
golang.org/x/crypto v0.51.0/go.mod h1:8AdwkbraGNABw2kOX6YFPs3WM22XqI4EXEd8g+x7Oc8=
golang.org/x/mod v0.35.0 h1:Ww1D637e6Pg+Zb2KrWfHQUnH2dQRLBQyAtpr/haaJeM=
golang.org/x/mod v0.35.0/go.mod h1:+GwiRhIInF8wPm+4AoT6L0FA1QWAad3OMdTRx4tFYlU=
golang.org/x/net v0.55.0 h1:bcvxaJn3e1U6InsFWt1JUq1aSjnRxLzT2rtD2KfkDF8=
golang.org/x/net v0.55.0/go.mod h1:L5U2KuzuOe1lY7Z+aWVIKK6qEeJXnXV9yzGA+WCHJww=
golang.org/x/sync v0.20.0 h1:e0PTpb7pjO8GAtTs2dQ6jYa5BWYlMuX047Dco/pItO4=
golang.org/x/sync v0.20.0/go.mod h1:9xrNwdLfx4jkKbNva9FpL6vEN7evnE43NNNJQ2LF3+0=
golang.org/x/sys v0.0.0-20200116001909-b77594299b42/go.mod h1:h1NjWce9XRLGQEsW7wpKNCjG9DtNlClVuFLEZdDNbEs=
golang.org/x/sys v0.0.0-20200223170610-d5e6a3e2c0ae/go.mod h1:h1NjWce9XRLGQEsW7wpKNCjG9DtNlClVuFLEZdDNbEs=
golang.org/x/sys v0.0.0-20210630005230-0f9fa26af87c/go.mod h1:oPkhp1MJrh7nUepCBck5+mAzfO9JrbApNNgaTdGDITg=
golang.org/x/sys v0.0.0-20210927094055-39ccf1dd6fa6/go.mod h1:oPkhp1MJrh7nUepCBck5+mAzfO9JrbApNNgaTdGDITg=
golang.org/x/sys v0.0.0-20220503163025-988cb79eb6c6/go.mod h1:oPkhp1MJrh7nUepCBck5+mAzfO9JrbApNNgaTdGDITg=
golang.org/x/sys v0.6.0/go.mod h1:oPkhp1MJrh7nUepCBck5+mAzfO9JrbApNNgaTdGDITg=
golang.org/x/sys v0.45.0 h1:dO4czNzziLiiXplLQgBCEpCvXQ3dnkn0SdaZSYdQ+FY=
golang.org/x/sys v0.45.0/go.mod h1:4GL1E5IUh+htKOUEOaiffhrAeqysfVGipDYzABqnCmw=
golang.org/x/text v0.37.0 h1:Cqjiwd9eSg8e0QAkyCaQTNHFIIzWtidPahFWR83rTrc=
golang.org/x/text v0.37.0/go.mod h1:a5sjxXGs9hsn/AJVwuElvCAo9v8QYLzvavO5z2PiM38=
golang.org/x/tools v0.44.0 h1:UP4ajHPIcuMjT1GqzDWRlalUEoY+uzoZKnhOjbIPD2c=
golang.org/x/tools v0.44.0/go.mod h1:KA0AfVErSdxRZIsOVipbv3rQhVXTnlU6UhKxHd1seDI=
gonum.org/v1/gonum v0.16.0 h1:5+ul4Swaf3ESvrOnidPp4GZbzf0mxVQpDCYUQE7OJfk=
gonum.org/v1/gonum v0.16.0/go.mod h1:fef3am4MQ93R2HHpKnLk4/Tbh/s0+wqD5nfa6Pnwy4E=
google.golang.org/appengine v1.6.8 h1:IhEN5q69dyKagZPYMSdIjS2HqprW324FRQZJcGqPAsM=
google.golang.org/appengine v1.6.8/go.mod h1:1jJ3jBArFh5pcgW8gCtRJnepW8FzD1V44FJffLiz/Ds=
google.golang.org/genproto/googleapis/api v0.0.0-20260810153831-ec0a7760b754 h1:dWeMvEJ3JhYgqSCAHUZZJgMUyfniiiCvDc72x5EqJP0=
google.golang.org/genproto/googleapis/api v0.0.0-20260810153831-ec0a7760b754/go.mod h1:q/3oV3jAi5vwelxsVAprMBC8BcM2zmNe+IjRGd+9/ks=
google.golang.org/genproto/googleapis/rpc v0.0.0-20260810153831-ec0a7760b754 h1:k5CJw9e5ONCcA/u0webKt092npXuY+KeGh3Q8NAVf0g=
google.golang.org/genproto/googleapis/rpc v0.0.0-20260810153831-ec0a7760b754/go.mod h1:4Hqkh8ycfw05ld/3BWL7rJOSfebL2Q+DVDeRgYgxUU8=
google.golang.org/grpc v1.79.3 h1:sybAEdRIEtvcD68Gx7dmnwjZKlyfuc61Dyo9pGXXkKE=
google.golang.org/grpc v1.79.3/go.mod h1:KmT0Kjez+0dde/v2j9vzwoAScgEPx/Bw1CYChhHLrHQ=
google.golang.org/protobuf v1.36.12 h1:pJOKDDOyeXErUroCihFAd5LQuwXBSpVnKGrj5o/fwxc=
google.golang.org/protobuf v1.36.12/go.mod h1:HTf+CrKn2C3g5S8VImy6tdcUvCska2kB7j23XfzDpco=
gopkg.in/check.v1 v0.0.0-20161208181325-20d25e280405/go.mod h1:Co6ibVJAznAaIkqp8huTwlJQCZ016jof/cbN4VW5Yz0=
gopkg.in/yaml.v3 v3.0.1 h1:fxVm/GzAzEWqLHuvctI91KS9hhNmmWOoWu0XTYJS7CA=
gopkg.in/yaml.v3 v3.0.1/go.mod h1:K4uyk7z7BCEPqu6E+C64Yfv1cQ7kz7rIZviUmN+EgEM=
